
Microsoft Visual Studio Solution File, Format Version 12.00
# Visual Studio 15
VisualStudioVersion = 15.0.28307.271
MinimumVisualStudioVersion = 10.0.40219.1
Project("{FAE04EC0-301F-11D3-BF4B-00C04F79EFBC}") = "Snake", "Snake\Snake.csproj", "{A477060F-EC4C-4D59-8589-DA1AC7EC2235}"
EndProject
Global
	GlobalSection(SolutionConfigurationPlatforms) = preSolution
		Debug|Any CPU = Debug|Any CPU
		Release|Any CPU = Release|Any CPU
	EndGlobalSection
	GlobalSection(ProjectConfigurationPlatforms) = postSolution
		{A477060F-EC4C-4D59-8589-DA1AC7EC2235}.Debug|Any CPU.ActiveCfg = Debug|Any CPU
		{A477060F-EC4C-4D59-8589-DA1AC7EC2235}.Debug|Any CPU.Build.0 = Debug|Any CPU
		{A477060F-EC4C-4D59-8589-DA1AC7EC2235}.Release|Any CPU.ActiveCfg = Release|Any CPU
		{A477060F-EC4C-4D59-8589-DA1AC7EC2235}.Release|Any CPU.Build.0 = Release|Any CPU
	EndGlobalSection
	GlobalSection(SolutionProperties) = preSolution
		HideSolutionNode = FALSE
	EndGlobalSection
	GlobalSection(ExtensibilityGlobals) = postSolution
		SolutionGuid = {222C72BE-AF13-4EC2-8C04-514BED865D66}
	EndGlobalSection
EndGlobal
